{
  "version": 4,
  "terraform_version": "1.7.5",
  "serial": 116,
  "lineage": "c4cdc648-4d43-f1f9-2305-a1c44d58ea32",
  "outputs": {},
  "resources": [
    {
      "mode": "data",
      "type": "vsphere_compute_cluster",
      "name": "compute_cluster",
      "provider": "provider[\"registry.terraform.io/hashicorp/vsphere\"]",
      "instances": [
        {
          "schema_version": 0,
          "attributes": {
            "datacenter_id": "datacenter-13622",
            "id": "domain-c13627",
            "name": "Non_VxRail_Cluster",
            "resource_pool_id": "resgroup-13628"
          },
          "sensitive_attributes": []
        }
      ]
    },
    {
      "mode": "data",
      "type": "vsphere_datacenter",
      "name": "dc",
      "provider": "provider[\"registry.terraform.io/hashicorp/vsphere\"]",
      "instances": [
        {
          "schema_version": 0,
          "attributes": {
            "id": "datacenter-13622",
            "name": "Non_VxRail_Datacenter"
          },
          "sensitive_attributes": []
        }
      ]
    },
    {
      "mode": "data",
      "type": "vsphere_datastore",
      "name": "datastore",
      "provider": "provider[\"registry.terraform.io/hashicorp/vsphere\"]",
      "instances": [
        {
          "schema_version": 0,
          "attributes": {
            "datacenter_id": "datacenter-13622",
            "id": "datastore-13849",
            "name": "DC2_E590H_02_dev_Test"
          },
          "sensitive_attributes": []
        }
      ]
    },
    {
      "mode": "data",
      "type": "vsphere_network",
      "name": "network",
      "provider": "provider[\"registry.terraform.io/hashicorp/vsphere\"]",
      "instances": [
        {
          "schema_version": 0,
          "attributes": {
            "datacenter_id": "datacenter-13622",
            "distributed_virtual_switch_uuid": null,
            "id": "dvportgroup-14081",
            "name": "VLAN65",
            "type": "DistributedVirtualPortgroup"
          },
          "sensitive_attributes": []
        }
      ]
    },
    {
      "mode": "data",
      "type": "vsphere_resource_pool",
      "name": "pool",
      "provider": "provider[\"registry.terraform.io/hashicorp/vsphere\"]",
      "instances": [
        {
          "schema_version": 0,
          "attributes": {
            "datacenter_id": "datacenter-13622",
            "id": "resgroup-14447",
            "name": "DC2_DVX_DevOPS_Test"
          },
          "sensitive_attributes": []
        }
      ]
    },
    {
      "mode": "data",
      "type": "vsphere_virtual_machine",
      "name": "template",
      "provider": "provider[\"registry.terraform.io/hashicorp/vsphere\"]",
      "instances": [
        {
          "schema_version": 0,
          "attributes": {
            "alternate_guest_name": "",
            "annotation": "",
            "boot_delay": 0,
            "boot_retry_delay": 10000,
            "boot_retry_enabled": false,
            "change_version": "2025-04-28T09:27:44.095391Z",
            "cpu_hot_add_enabled": false,
            "cpu_hot_remove_enabled": false,
            "cpu_limit": -1,
            "cpu_performance_counters_enabled": false,
            "cpu_reservation": 0,
            "cpu_share_count": 2000,
            "cpu_share_level": "normal",
            "datacenter_id": "datacenter-13622",
            "default_ip_address": null,
            "disks": [
              {
                "eagerly_scrub": false,
                "label": "Hard disk 1",
                "size": 120,
                "thin_provisioned": true,
                "unit_number": 0
              }
            ],
            "efi_secure_boot_enabled": false,
            "enable_disk_uuid": false,
            "enable_logging": true,
            "ept_rvi_mode": "automatic",
            "extra_config": {},
            "firmware": "bios",
            "guest_id": "ubuntu64Guest",
            "guest_ip_addresses": [],
            "hardware_version": 19,
            "hv_mode": "hvAuto",
            "id": "423b1520-10da-be1e-d539-7e61e2ac28e3",
            "ide_controller_scan_count": 2,
            "latency_sensitivity": "normal",
            "memory": 4096,
            "memory_hot_add_enabled": false,
            "memory_limit": -1,
            "memory_reservation": 0,
            "memory_share_count": 40960,
            "memory_share_level": "normal",
            "name": "ubuntu_test_vm",
            "nested_hv_enabled": false,
            "network_interface_types": [
              "vmxnet3"
            ],
            "network_interfaces": [
              {
                "adapter_type": "vmxnet3",
                "bandwidth_limit": -1,
                "bandwidth_reservation": 0,
                "bandwidth_share_count": 50,
                "bandwidth_share_level": "normal",
                "mac_address": "00:50:56:bb:a7:93",
                "network_id": "dvportgroup-13894"
              }
            ],
            "num_cores_per_socket": 1,
            "num_cpus": 2,
            "replace_trigger": null,
            "run_tools_scripts_after_power_on": true,
            "run_tools_scripts_after_resume": true,
            "run_tools_scripts_before_guest_reboot": false,
            "run_tools_scripts_before_guest_shutdown": true,
            "run_tools_scripts_before_guest_standby": true,
            "sata_controller_scan_count": 0,
            "scsi_bus_sharing": "noSharing",
            "scsi_controller_scan_count": 1,
            "scsi_type": "lsilogic",
            "storage_policy_id": null,
            "swap_placement_policy": "inherit",
            "sync_time_with_host": true,
            "sync_time_with_host_periodically": false,
            "tools_upgrade_policy": "manual",
            "uuid": "423b1520-10da-be1e-d539-7e61e2ac28e3",
            "vapp": null,
            "vapp_transport": [],
            "vbs_enabled": false,
            "vvtd_enabled": false
          },
          "sensitive_attributes": []
        }
      ]
    },
    {
      "mode": "managed",
      "type": "local_file",
      "name": "ansible_inventory",
      "provider": "provider[\"registry.terraform.io/hashicorp/local\"]",
      "instances": [
        {
          "schema_version": 0,
          "attributes": {
            "content": "[controller]\n10.122.65.180 node_id=1\n10.122.65.183 node_id=2\n10.122.65.184 node_id=3\n\n[brokers]\n10.122.65.181 node_id=4\n10.122.65.182 node_id=5\n\n[all_nodes:children]\ncontroller\nbrokers\n",
            "content_base64": null,
            "content_base64sha256": "2arK+GkeTRU1+IgkOMbJlYjP9SaCxHjJk4NyFsrKkDM=",
            "content_base64sha512": "arlK5pqONCEfHiDapPxcWYtCLE7YTQYI0orcdLa98bZGyhkFOjbYd9hZvF3UuqZFlKFw29D8cMxw/3LD+hbT1Q==",
            "content_md5": "ecd7592c05a87ec48630d59f66377f18",
            "content_sha1": "50ba72b7de5d1e2bd37e4bcf5b8f4813514cb33b",
            "content_sha256": "d9aacaf8691e4d1535f8882438c6c99588cff52682c478c993837216caca9033",
            "content_sha512": "6ab94ae69a8e34211f1e20daa4fc5c598b422c4ed84d0608d28adc74b6bdf1b646ca19053a36d877d859bc5dd4baa64594a170dbd0fc70cc70ff72c3fa16d3d5",
            "directory_permission": "0777",
            "file_permission": "0777",
            "filename": "../ansible/inventory.ini",
            "id": "50ba72b7de5d1e2bd37e4bcf5b8f4813514cb33b",
            "sensitive_content": null,
            "source": null
          },
          "sensitive_attributes": []
        }
      ]
    },
    {
      "mode": "managed",
      "type": "null_resource",
      "name": "run_ansible",
      "provider": "provider[\"registry.terraform.io/hashicorp/null\"]",
      "instances": [
        {
          "schema_version": 0,
          "attributes": {
            "id": "5962686705883135356",
            "triggers": null
          },
          "sensitive_attributes": [],
          "dependencies": [
            "data.vsphere_datacenter.dc",
            "data.vsphere_datastore.datastore",
            "data.vsphere_network.network",
            "data.vsphere_resource_pool.pool",
            "data.vsphere_virtual_machine.template",
            "local_file.ansible_inventory",
            "vsphere_virtual_machine.vm"
          ]
        }
      ]
    },
    {
      "mode": "managed",
      "type": "vsphere_virtual_machine",
      "name": "vm",
      "provider": "provider[\"registry.terraform.io/hashicorp/vsphere\"]",
      "instances": [
        {
          "index_key": "kafka-node1",
          "schema_version": 3,
          "attributes": {
            "alternate_guest_name": "",
            "annotation": "",
            "boot_delay": 0,
            "boot_retry_delay": 10000,
            "boot_retry_enabled": false,
            "cdrom": [],
            "change_version": "2025-06-18T21:31:27.955034Z",
            "clone": [
              {
                "customize": [
                  {
                    "dns_server_list": [
                      "10.122.53.53",
                      "10.122.53.54"
                    ],
                    "dns_suffix_list": [
                      "vn.local"
                    ],
                    "ipv4_gateway": "10.122.65.254",
                    "ipv6_gateway": "",
                    "linux_options": [
                      {
                        "domain": "example.com",
                        "host_name": "kafka-01",
                        "hw_clock_utc": true,
                        "script_text": "",
                        "time_zone": ""
                      }
                    ],
                    "network_interface": [
                      {
                        "dns_domain": "",
                        "dns_server_list": [],
                        "ipv4_address": "10.122.65.180",
                        "ipv4_netmask": 24,
                        "ipv6_address": "",
                        "ipv6_netmask": 0
                      }
                    ],
                    "timeout": 10,
                    "windows_options": [],
                    "windows_sysprep_text": ""
                  }
                ],
                "linked_clone": false,
                "ovf_network_map": {},
                "ovf_storage_map": {},
                "template_uuid": "423b1520-10da-be1e-d539-7e61e2ac28e3",
                "timeout": 30
              }
            ],
            "cpu_hot_add_enabled": false,
            "cpu_hot_remove_enabled": false,
            "cpu_limit": -1,
            "cpu_performance_counters_enabled": false,
            "cpu_reservation": 0,
            "cpu_share_count": 2000,
            "cpu_share_level": "normal",
            "custom_attributes": {},
            "datacenter_id": null,
            "datastore_cluster_id": null,
            "datastore_id": "datastore-13849",
            "default_ip_address": "10.122.65.180",
            "disk": [
              {
                "attach": false,
                "controller_type": "scsi",
                "datastore_id": "datastore-13849",
                "device_address": "scsi:0:0",
                "disk_mode": "persistent",
                "disk_sharing": "sharingNone",
                "eagerly_scrub": false,
                "io_limit": -1,
                "io_reservation": 0,
                "io_share_count": 1000,
                "io_share_level": "normal",
                "keep_on_remove": false,
                "key": 2000,
                "label": "disk0",
                "path": "kafka-01/kafka-01.vmdk",
                "size": 120,
                "storage_policy_id": "",
                "thin_provisioned": true,
                "unit_number": 0,
                "uuid": "6000C294-dd28-7e6e-facc-b77ceb17a59a",
                "write_through": false
              }
            ],
            "efi_secure_boot_enabled": false,
            "enable_disk_uuid": false,
            "enable_logging": false,
            "ept_rvi_mode": "automatic",
            "extra_config": {},
            "firmware": "bios",
            "folder": "",
            "force_power_off": true,
            "guest_id": "ubuntu64Guest",
            "guest_ip_addresses": [
              "10.122.65.180",
              "fe80::250:56ff:febb:2e5a"
            ],
            "hardware_version": 19,
            "host_system_id": "host-14787",
            "hv_mode": "hvAuto",
            "id": "423bf278-011f-1c55-f0bc-ff28c0b1cd85",
            "ide_controller_count": 2,
            "ignored_guest_ips": null,
            "imported": null,
            "latency_sensitivity": "normal",
            "memory": 8192,
            "memory_hot_add_enabled": false,
            "memory_limit": -1,
            "memory_reservation": 0,
            "memory_share_count": 81920,
            "memory_share_level": "normal",
            "migrate_wait_timeout": 30,
            "moid": "vm-117419",
            "name": "kafka-01",
            "nested_hv_enabled": false,
            "network_interface": [
              {
                "adapter_type": "vmxnet3",
                "bandwidth_limit": -1,
                "bandwidth_reservation": 0,
                "bandwidth_share_count": 50,
                "bandwidth_share_level": "normal",
                "device_address": "pci:0:7",
                "key": 4000,
                "mac_address": "00:50:56:bb:2e:5a",
                "network_id": "dvportgroup-14081",
                "ovf_mapping": "",
                "use_static_mac": false
              }
            ],
            "num_cores_per_socket": 1,
            "num_cpus": 2,
            "ovf_deploy": [],
            "pci_device_id": [],
            "power_state": "on",
            "poweron_timeout": 300,
            "reboot_required": false,
            "replace_trigger": null,
            "resource_pool_id": "resgroup-14447",
            "run_tools_scripts_after_power_on": true,
            "run_tools_scripts_after_resume": true,
            "run_tools_scripts_before_guest_reboot": false,
            "run_tools_scripts_before_guest_shutdown": true,
            "run_tools_scripts_before_guest_standby": true,
            "sata_controller_count": 0,
            "scsi_bus_sharing": "noSharing",
            "scsi_controller_count": 1,
            "scsi_type": "pvscsi",
            "shutdown_wait_timeout": 3,
            "storage_policy_id": "",
            "swap_placement_policy": "inherit",
            "sync_time_with_host": false,
            "sync_time_with_host_periodically": false,
            "tags": [],
            "tools_upgrade_policy": "manual",
            "uuid": "423bf278-011f-1c55-f0bc-ff28c0b1cd85",
            "vapp": [],
            "vapp_transport": [],
            "vbs_enabled": false,
            "vmware_tools_status": "guestToolsRunning",
            "vmx_path": "kafka-01/kafka-01.vmx",
            "vvtd_enabled": false,
            "wait_for_guest_ip_timeout": 0,
            "wait_for_guest_net_routable": true,
            "wait_for_guest_net_timeout": 5
          },
          "sensitive_attributes": [],
          "private": "eyJzY2hlbWFfdmVyc2lvbiI6IjMifQ==",
          "dependencies": [
            "data.vsphere_datacenter.dc",
            "data.vsphere_datastore.datastore",
            "data.vsphere_network.network",
            "data.vsphere_resource_pool.pool",
            "data.vsphere_virtual_machine.template"
          ]
        },
        {
          "index_key": "kafka-node2",
          "schema_version": 3,
          "attributes": {
            "alternate_guest_name": "",
            "annotation": "",
            "boot_delay": 0,
            "boot_retry_delay": 10000,
            "boot_retry_enabled": false,
            "cdrom": [],
            "change_version": "2025-06-18T21:31:31.945337Z",
            "clone": [
              {
                "customize": [
                  {
                    "dns_server_list": [
                      "10.122.53.53",
                      "10.122.53.54"
                    ],
                    "dns_suffix_list": [
                      "vn.local"
                    ],
                    "ipv4_gateway": "10.122.65.254",
                    "ipv6_gateway": "",
                    "linux_options": [
                      {
                        "domain": "example.com",
                        "host_name": "kafka-02",
                        "hw_clock_utc": true,
                        "script_text": "",
                        "time_zone": ""
                      }
                    ],
                    "network_interface": [
                      {
                        "dns_domain": "",
                        "dns_server_list": [],
                        "ipv4_address": "10.122.65.181",
                        "ipv4_netmask": 24,
                        "ipv6_address": "",
                        "ipv6_netmask": 0
                      }
                    ],
                    "timeout": 10,
                    "windows_options": [],
                    "windows_sysprep_text": ""
                  }
                ],
                "linked_clone": false,
                "ovf_network_map": {},
                "ovf_storage_map": {},
                "template_uuid": "423b1520-10da-be1e-d539-7e61e2ac28e3",
                "timeout": 30
              }
            ],
            "cpu_hot_add_enabled": false,
            "cpu_hot_remove_enabled": false,
            "cpu_limit": -1,
            "cpu_performance_counters_enabled": false,
            "cpu_reservation": 0,
            "cpu_share_count": 2000,
            "cpu_share_level": "normal",
            "custom_attributes": {},
            "datacenter_id": null,
            "datastore_cluster_id": null,
            "datastore_id": "datastore-13849",
            "default_ip_address": "10.122.65.181",
            "disk": [
              {
                "attach": false,
                "controller_type": "scsi",
                "datastore_id": "datastore-13849",
                "device_address": "scsi:0:0",
                "disk_mode": "persistent",
                "disk_sharing": "sharingNone",
                "eagerly_scrub": false,
                "io_limit": -1,
                "io_reservation": 0,
                "io_share_count": 1000,
                "io_share_level": "normal",
                "keep_on_remove": false,
                "key": 2000,
                "label": "disk0",
                "path": "kafka-02/kafka-02.vmdk",
                "size": 120,
                "storage_policy_id": "",
                "thin_provisioned": true,
                "unit_number": 0,
                "uuid": "6000C291-de10-88ae-3173-a94b83f1b25a",
                "write_through": false
              }
            ],
            "efi_secure_boot_enabled": false,
            "enable_disk_uuid": false,
            "enable_logging": false,
            "ept_rvi_mode": "automatic",
            "extra_config": {},
            "firmware": "bios",
            "folder": "",
            "force_power_off": true,
            "guest_id": "ubuntu64Guest",
            "guest_ip_addresses": [
              "10.122.65.181",
              "fe80::250:56ff:febb:5717"
            ],
            "hardware_version": 19,
            "host_system_id": "host-14787",
            "hv_mode": "hvAuto",
            "id": "423bd6cf-98c4-07f7-4b78-2262964e8db1",
            "ide_controller_count": 2,
            "ignored_guest_ips": null,
            "imported": null,
            "latency_sensitivity": "normal",
            "memory": 8192,
            "memory_hot_add_enabled": false,
            "memory_limit": -1,
            "memory_reservation": 0,
            "memory_share_count": 81920,
            "memory_share_level": "normal",
            "migrate_wait_timeout": 30,
            "moid": "vm-117420",
            "name": "kafka-02",
            "nested_hv_enabled": false,
            "network_interface": [
              {
                "adapter_type": "vmxnet3",
                "bandwidth_limit": -1,
                "bandwidth_reservation": 0,
                "bandwidth_share_count": 50,
                "bandwidth_share_level": "normal",
                "device_address": "pci:0:7",
                "key": 4000,
                "mac_address": "00:50:56:bb:57:17",
                "network_id": "dvportgroup-14081",
                "ovf_mapping": "",
                "use_static_mac": false
              }
            ],
            "num_cores_per_socket": 1,
            "num_cpus": 2,
            "ovf_deploy": [],
            "pci_device_id": [],
            "power_state": "on",
            "poweron_timeout": 300,
            "reboot_required": false,
            "replace_trigger": null,
            "resource_pool_id": "resgroup-14447",
            "run_tools_scripts_after_power_on": true,
            "run_tools_scripts_after_resume": true,
            "run_tools_scripts_before_guest_reboot": false,
            "run_tools_scripts_before_guest_shutdown": true,
            "run_tools_scripts_before_guest_standby": true,
            "sata_controller_count": 0,
            "scsi_bus_sharing": "noSharing",
            "scsi_controller_count": 1,
            "scsi_type": "pvscsi",
            "shutdown_wait_timeout": 3,
            "storage_policy_id": "",
            "swap_placement_policy": "inherit",
            "sync_time_with_host": false,
            "sync_time_with_host_periodically": false,
            "tags": [],
            "tools_upgrade_policy": "manual",
            "uuid": "423bd6cf-98c4-07f7-4b78-2262964e8db1",
            "vapp": [],
            "vapp_transport": [],
            "vbs_enabled": false,
            "vmware_tools_status": "guestToolsRunning",
            "vmx_path": "kafka-02/kafka-02.vmx",
            "vvtd_enabled": false,
            "wait_for_guest_ip_timeout": 0,
            "wait_for_guest_net_routable": true,
            "wait_for_guest_net_timeout": 5
          },
          "sensitive_attributes": [],
          "private": "eyJzY2hlbWFfdmVyc2lvbiI6IjMifQ==",
          "dependencies": [
            "data.vsphere_datacenter.dc",
            "data.vsphere_datastore.datastore",
            "data.vsphere_network.network",
            "data.vsphere_resource_pool.pool",
            "data.vsphere_virtual_machine.template"
          ]
        },
        {
          "index_key": "kafka-node3",
          "schema_version": 3,
          "attributes": {
            "alternate_guest_name": "",
            "annotation": "",
            "boot_delay": 0,
            "boot_retry_delay": 10000,
            "boot_retry_enabled": false,
            "cdrom": [],
            "change_version": "2025-06-18T21:31:29.773191Z",
            "clone": [
              {
                "customize": [
                  {
                    "dns_server_list": [
                      "10.122.53.53",
                      "10.122.53.54"
                    ],
                    "dns_suffix_list": [
                      "vn.local"
                    ],
                    "ipv4_gateway": "10.122.65.254",
                    "ipv6_gateway": "",
                    "linux_options": [
                      {
                        "domain": "example.com",
                        "host_name": "kafka-03",
                        "hw_clock_utc": true,
                        "script_text": "",
                        "time_zone": ""
                      }
                    ],
                    "network_interface": [
                      {
                        "dns_domain": "",
                        "dns_server_list": [],
                        "ipv4_address": "10.122.65.182",
                        "ipv4_netmask": 24,
                        "ipv6_address": "",
                        "ipv6_netmask": 0
                      }
                    ],
                    "timeout": 10,
                    "windows_options": [],
                    "windows_sysprep_text": ""
                  }
                ],
                "linked_clone": false,
                "ovf_network_map": {},
                "ovf_storage_map": {},
                "template_uuid": "423b1520-10da-be1e-d539-7e61e2ac28e3",
                "timeout": 30
              }
            ],
            "cpu_hot_add_enabled": false,
            "cpu_hot_remove_enabled": false,
            "cpu_limit": -1,
            "cpu_performance_counters_enabled": false,
            "cpu_reservation": 0,
            "cpu_share_count": 2000,
            "cpu_share_level": "normal",
            "custom_attributes": {},
            "datacenter_id": null,
            "datastore_cluster_id": null,
            "datastore_id": "datastore-13849",
            "default_ip_address": "10.122.65.182",
            "disk": [
              {
                "attach": false,
                "controller_type": "scsi",
                "datastore_id": "datastore-13849",
                "device_address": "scsi:0:0",
                "disk_mode": "persistent",
                "disk_sharing": "sharingNone",
                "eagerly_scrub": false,
                "io_limit": -1,
                "io_reservation": 0,
                "io_share_count": 1000,
                "io_share_level": "normal",
                "keep_on_remove": false,
                "key": 2000,
                "label": "disk0",
                "path": "kafka-03/kafka-03.vmdk",
                "size": 120,
                "storage_policy_id": "",
                "thin_provisioned": true,
                "unit_number": 0,
                "uuid": "6000C29f-1b19-c0f0-b338-ff31c0c2eb66",
                "write_through": false
              }
            ],
            "efi_secure_boot_enabled": false,
            "enable_disk_uuid": false,
            "enable_logging": false,
            "ept_rvi_mode": "automatic",
            "extra_config": {},
            "firmware": "bios",
            "folder": "",
            "force_power_off": true,
            "guest_id": "ubuntu64Guest",
            "guest_ip_addresses": [
              "10.122.65.182",
              "fe80::250:56ff:febb:c531"
            ],
            "hardware_version": 19,
            "host_system_id": "host-14489",
            "hv_mode": "hvAuto",
            "id": "423b66b8-ce37-710f-efca-ef336471b4aa",
            "ide_controller_count": 2,
            "ignored_guest_ips": null,
            "imported": null,
            "latency_sensitivity": "normal",
            "memory": 8192,
            "memory_hot_add_enabled": false,
            "memory_limit": -1,
            "memory_reservation": 0,
            "memory_share_count": 81920,
            "memory_share_level": "normal",
            "migrate_wait_timeout": 30,
            "moid": "vm-117418",
            "name": "kafka-03",
            "nested_hv_enabled": false,
            "network_interface": [
              {
                "adapter_type": "vmxnet3",
                "bandwidth_limit": -1,
                "bandwidth_reservation": 0,
                "bandwidth_share_count": 50,
                "bandwidth_share_level": "normal",
                "device_address": "pci:0:7",
                "key": 4000,
                "mac_address": "00:50:56:bb:c5:31",
                "network_id": "dvportgroup-14081",
                "ovf_mapping": "",
                "use_static_mac": false
              }
            ],
            "num_cores_per_socket": 1,
            "num_cpus": 2,
            "ovf_deploy": [],
            "pci_device_id": [],
            "power_state": "on",
            "poweron_timeout": 300,
            "reboot_required": false,
            "replace_trigger": null,
            "resource_pool_id": "resgroup-14447",
            "run_tools_scripts_after_power_on": true,
            "run_tools_scripts_after_resume": true,
            "run_tools_scripts_before_guest_reboot": false,
            "run_tools_scripts_before_guest_shutdown": true,
            "run_tools_scripts_before_guest_standby": true,
            "sata_controller_count": 0,
            "scsi_bus_sharing": "noSharing",
            "scsi_controller_count": 1,
            "scsi_type": "pvscsi",
            "shutdown_wait_timeout": 3,
            "storage_policy_id": "",
            "swap_placement_policy": "inherit",
            "sync_time_with_host": false,
            "sync_time_with_host_periodically": false,
            "tags": [],
            "tools_upgrade_policy": "manual",
            "uuid": "423b66b8-ce37-710f-efca-ef336471b4aa",
            "vapp": [],
            "vapp_transport": [],
            "vbs_enabled": false,
            "vmware_tools_status": "guestToolsRunning",
            "vmx_path": "kafka-03/kafka-03.vmx",
            "vvtd_enabled": false,
            "wait_for_guest_ip_timeout": 0,
            "wait_for_guest_net_routable": true,
            "wait_for_guest_net_timeout": 5
          },
          "sensitive_attributes": [],
          "private": "eyJzY2hlbWFfdmVyc2lvbiI6IjMifQ==",
          "dependencies": [
            "data.vsphere_datacenter.dc",
            "data.vsphere_datastore.datastore",
            "data.vsphere_network.network",
            "data.vsphere_resource_pool.pool",
            "data.vsphere_virtual_machine.template"
          ]
        },
        {
          "index_key": "kafka-node4",
          "schema_version": 3,
          "attributes": {
            "alternate_guest_name": "",
            "annotation": "",
            "boot_delay": 0,
            "boot_retry_delay": 10000,
            "boot_retry_enabled": false,
            "cdrom": [],
            "change_version": "2025-06-18T21:31:26.931248Z",
            "clone": [
              {
                "customize": [
                  {
                    "dns_server_list": [
                      "10.122.53.53",
                      "10.122.53.54"
                    ],
                    "dns_suffix_list": [
                      "vn.local"
                    ],
                    "ipv4_gateway": "10.122.65.254",
                    "ipv6_gateway": "",
                    "linux_options": [
                      {
                        "domain": "example.com",
                        "host_name": "kafka-04",
                        "hw_clock_utc": true,
                        "script_text": "",
                        "time_zone": ""
                      }
                    ],
                    "network_interface": [
                      {
                        "dns_domain": "",
                        "dns_server_list": [],
                        "ipv4_address": "10.122.65.183",
                        "ipv4_netmask": 24,
                        "ipv6_address": "",
                        "ipv6_netmask": 0
                      }
                    ],
                    "timeout": 10,
                    "windows_options": [],
                    "windows_sysprep_text": ""
                  }
                ],
                "linked_clone": false,
                "ovf_network_map": {},
                "ovf_storage_map": {},
                "template_uuid": "423b1520-10da-be1e-d539-7e61e2ac28e3",
                "timeout": 30
              }
            ],
            "cpu_hot_add_enabled": false,
            "cpu_hot_remove_enabled": false,
            "cpu_limit": -1,
            "cpu_performance_counters_enabled": false,
            "cpu_reservation": 0,
            "cpu_share_count": 2000,
            "cpu_share_level": "normal",
            "custom_attributes": {},
            "datacenter_id": null,
            "datastore_cluster_id": null,
            "datastore_id": "datastore-13849",
            "default_ip_address": "10.122.65.183",
            "disk": [
              {
                "attach": false,
                "controller_type": "scsi",
                "datastore_id": "datastore-13849",
                "device_address": "scsi:0:0",
                "disk_mode": "persistent",
                "disk_sharing": "sharingNone",
                "eagerly_scrub": false,
                "io_limit": -1,
                "io_reservation": 0,
                "io_share_count": 1000,
                "io_share_level": "normal",
                "keep_on_remove": false,
                "key": 2000,
                "label": "disk0",
                "path": "kafka-04/kafka-04.vmdk",
                "size": 120,
                "storage_policy_id": "",
                "thin_provisioned": true,
                "unit_number": 0,
                "uuid": "6000C29f-a5ae-1d37-6697-ca1c3fa92677",
                "write_through": false
              }
            ],
            "efi_secure_boot_enabled": false,
            "enable_disk_uuid": false,
            "enable_logging": false,
            "ept_rvi_mode": "automatic",
            "extra_config": {},
            "firmware": "bios",
            "folder": "",
            "force_power_off": true,
            "guest_id": "ubuntu64Guest",
            "guest_ip_addresses": [
              "10.122.65.183",
              "fe80::250:56ff:febb:e6d5"
            ],
            "hardware_version": 19,
            "host_system_id": "host-15427",
            "hv_mode": "hvAuto",
            "id": "423bb93a-fd49-8016-999a-5fe0f85ba9b9",
            "ide_controller_count": 2,
            "ignored_guest_ips": null,
            "imported": null,
            "latency_sensitivity": "normal",
            "memory": 8192,
            "memory_hot_add_enabled": false,
            "memory_limit": -1,
            "memory_reservation": 0,
            "memory_share_count": 81920,
            "memory_share_level": "normal",
            "migrate_wait_timeout": 30,
            "moid": "vm-117421",
            "name": "kafka-04",
            "nested_hv_enabled": false,
            "network_interface": [
              {
                "adapter_type": "vmxnet3",
                "bandwidth_limit": -1,
                "bandwidth_reservation": 0,
                "bandwidth_share_count": 50,
                "bandwidth_share_level": "normal",
                "device_address": "pci:0:7",
                "key": 4000,
                "mac_address": "00:50:56:bb:e6:d5",
                "network_id": "dvportgroup-14081",
                "ovf_mapping": "",
                "use_static_mac": false
              }
            ],
            "num_cores_per_socket": 1,
            "num_cpus": 2,
            "ovf_deploy": [],
            "pci_device_id": [],
            "power_state": "on",
            "poweron_timeout": 300,
            "reboot_required": false,
            "replace_trigger": null,
            "resource_pool_id": "resgroup-14447",
            "run_tools_scripts_after_power_on": true,
            "run_tools_scripts_after_resume": true,
            "run_tools_scripts_before_guest_reboot": false,
            "run_tools_scripts_before_guest_shutdown": true,
            "run_tools_scripts_before_guest_standby": true,
            "sata_controller_count": 0,
            "scsi_bus_sharing": "noSharing",
            "scsi_controller_count": 1,
            "scsi_type": "pvscsi",
            "shutdown_wait_timeout": 3,
            "storage_policy_id": "",
            "swap_placement_policy": "inherit",
            "sync_time_with_host": false,
            "sync_time_with_host_periodically": false,
            "tags": [],
            "tools_upgrade_policy": "manual",
            "uuid": "423bb93a-fd49-8016-999a-5fe0f85ba9b9",
            "vapp": [],
            "vapp_transport": [],
            "vbs_enabled": false,
            "vmware_tools_status": "guestToolsRunning",
            "vmx_path": "kafka-04/kafka-04.vmx",
            "vvtd_enabled": false,
            "wait_for_guest_ip_timeout": 0,
            "wait_for_guest_net_routable": true,
            "wait_for_guest_net_timeout": 5
          },
          "sensitive_attributes": [],
          "private": "eyJzY2hlbWFfdmVyc2lvbiI6IjMifQ==",
          "dependencies": [
            "data.vsphere_datacenter.dc",
            "data.vsphere_datastore.datastore",
            "data.vsphere_network.network",
            "data.vsphere_resource_pool.pool",
            "data.vsphere_virtual_machine.template"
          ]
        },
        {
          "index_key": "kafka-node5",
          "schema_version": 3,
          "attributes": {
            "alternate_guest_name": "",
            "annotation": "",
            "boot_delay": 0,
            "boot_retry_delay": 10000,
            "boot_retry_enabled": false,
            "cdrom": [],
            "change_version": "2025-06-18T21:31:26.254669Z",
            "clone": [
              {
                "customize": [
                  {
                    "dns_server_list": [
                      "10.122.53.53",
                      "10.122.53.54"
                    ],
                    "dns_suffix_list": [
                      "vn.local"
                    ],
                    "ipv4_gateway": "10.122.65.254",
                    "ipv6_gateway": "",
                    "linux_options": [
                      {
                        "domain": "example.com",
                        "host_name": "kafka-05",
                        "hw_clock_utc": true,
                        "script_text": "",
                        "time_zone": ""
                      }
                    ],
                    "network_interface": [
                      {
                        "dns_domain": "",
                        "dns_server_list": [],
                        "ipv4_address": "10.122.65.184",
                        "ipv4_netmask": 24,
                        "ipv6_address": "",
                        "ipv6_netmask": 0
                      }
                    ],
                    "timeout": 10,
                    "windows_options": [],
                    "windows_sysprep_text": ""
                  }
                ],
                "linked_clone": false,
                "ovf_network_map": {},
                "ovf_storage_map": {},
                "template_uuid": "423b1520-10da-be1e-d539-7e61e2ac28e3",
                "timeout": 30
              }
            ],
            "cpu_hot_add_enabled": false,
            "cpu_hot_remove_enabled": false,
            "cpu_limit": -1,
            "cpu_performance_counters_enabled": false,
            "cpu_reservation": 0,
            "cpu_share_count": 2000,
            "cpu_share_level": "normal",
            "custom_attributes": {},
            "datacenter_id": null,
            "datastore_cluster_id": null,
            "datastore_id": "datastore-13849",
            "default_ip_address": "10.122.65.184",
            "disk": [
              {
                "attach": false,
                "controller_type": "scsi",
                "datastore_id": "datastore-13849",
                "device_address": "scsi:0:0",
                "disk_mode": "persistent",
                "disk_sharing": "sharingNone",
                "eagerly_scrub": false,
                "io_limit": -1,
                "io_reservation": 0,
                "io_share_count": 1000,
                "io_share_level": "normal",
                "keep_on_remove": false,
                "key": 2000,
                "label": "disk0",
                "path": "kafka-05/kafka-05.vmdk",
                "size": 120,
                "storage_policy_id": "",
                "thin_provisioned": true,
                "unit_number": 0,
                "uuid": "6000C29d-2427-4821-22d7-fba2ce5bab11",
                "write_through": false
              }
            ],
            "efi_secure_boot_enabled": false,
            "enable_disk_uuid": false,
            "enable_logging": false,
            "ept_rvi_mode": "automatic",
            "extra_config": {},
            "firmware": "bios",
            "folder": "",
            "force_power_off": true,
            "guest_id": "ubuntu64Guest",
            "guest_ip_addresses": [
              "10.122.65.184",
              "fe80::250:56ff:febb:534c"
            ],
            "hardware_version": 19,
            "host_system_id": "host-14564",
            "hv_mode": "hvAuto",
            "id": "423b3852-11c5-b5e3-3384-710d1aae2e1c",
            "ide_controller_count": 2,
            "ignored_guest_ips": null,
            "imported": null,
            "latency_sensitivity": "normal",
            "memory": 8192,
            "memory_hot_add_enabled": false,
            "memory_limit": -1,
            "memory_reservation": 0,
            "memory_share_count": 81920,
            "memory_share_level": "normal",
            "migrate_wait_timeout": 30,
            "moid": "vm-117422",
            "name": "kafka-05",
            "nested_hv_enabled": false,
            "network_interface": [
              {
                "adapter_type": "vmxnet3",
                "bandwidth_limit": -1,
                "bandwidth_reservation": 0,
                "bandwidth_share_count": 50,
                "bandwidth_share_level": "normal",
                "device_address": "pci:0:7",
                "key": 4000,
                "mac_address": "00:50:56:bb:53:4c",
                "network_id": "dvportgroup-14081",
                "ovf_mapping": "",
                "use_static_mac": false
              }
            ],
            "num_cores_per_socket": 1,
            "num_cpus": 2,
            "ovf_deploy": [],
            "pci_device_id": [],
            "power_state": "on",
            "poweron_timeout": 300,
            "reboot_required": false,
            "replace_trigger": null,
            "resource_pool_id": "resgroup-14447",
            "run_tools_scripts_after_power_on": true,
            "run_tools_scripts_after_resume": true,
            "run_tools_scripts_before_guest_reboot": false,
            "run_tools_scripts_before_guest_shutdown": true,
            "run_tools_scripts_before_guest_standby": true,
            "sata_controller_count": 0,
            "scsi_bus_sharing": "noSharing",
            "scsi_controller_count": 1,
            "scsi_type": "pvscsi",
            "shutdown_wait_timeout": 3,
            "storage_policy_id": "",
            "swap_placement_policy": "inherit",
            "sync_time_with_host": false,
            "sync_time_with_host_periodically": false,
            "tags": [],
            "tools_upgrade_policy": "manual",
            "uuid": "423b3852-11c5-b5e3-3384-710d1aae2e1c",
            "vapp": [],
            "vapp_transport": [],
            "vbs_enabled": false,
            "vmware_tools_status": "guestToolsRunning",
            "vmx_path": "kafka-05/kafka-05.vmx",
            "vvtd_enabled": false,
            "wait_for_guest_ip_timeout": 0,
            "wait_for_guest_net_routable": true,
            "wait_for_guest_net_timeout": 5
          },
          "sensitive_attributes": [],
          "private": "eyJzY2hlbWFfdmVyc2lvbiI6IjMifQ==",
          "dependencies": [
            "data.vsphere_datacenter.dc",
            "data.vsphere_datastore.datastore",
            "data.vsphere_network.network",
            "data.vsphere_resource_pool.pool",
            "data.vsphere_virtual_machine.template"
          ]
        }
      ]
    }
  ],
  "check_results": null
}
